// !$*UTF8*$!
{
	archiveVersion = 1;
	classes = {
	};
	objectVersion = 56;
	objects = {

/* Begin PBXBuildFile section */
		FA894C032A8D843200BC54BC /* LaunchScreen.storyboard in Resources */ = {isa = PBXBuildFile; fileRef = FA894C022A8D843200BC54BC /* LaunchScreen.storyboard */; };
		FAC21CA32A8D3FA5006793D5 /* TaskFlowApp.swift in Sources */ = {isa = PBXBuildFile; fileRef = FAC21CA22A8D3FA5006793D5 /* TaskFlowApp.swift */; };
		FAC21CA72A8D3FA6006793D5 /* Assets.xcassets in Resources */ = {isa = PBXBuildFile; fileRef = FAC21CA62A8D3FA6006793D5 /* Assets.xcassets */; };
		FAC21CAA2A8D3FA6006793D5 /* Preview Assets.xcassets in Resources */ = {isa = PBXBuildFile; fileRef = FAC21CA92A8D3FA6006793D5 /* Preview Assets.xcassets */; };
		FAC21CB62A8D4062006793D5 /* ListModel.swift in Sources */ = {isa = PBXBuildFile; fileRef = FAC21CB52A8D4062006793D5 /* ListModel.swift */; };
		FAC21CB82A8D40B6006793D5 /* TaskModel.swift in Sources */ = {isa = PBXBuildFile; fileRef = FAC21CB72A8D40B6006793D5 /* TaskModel.swift */; };
		FAC21CBA2A8D416E006793D5 /* ListViewModel.swift in Sources */ = {isa = PBXBuildFile; fileRef = FAC21CB92A8D416E006793D5 /* ListViewModel.swift */; };
		FAC21CBE2A8D442B006793D5 /* TaskViewModel.swift in Sources */ = {isa = PBXBuildFile; fileRef = FAC21CBD2A8D442B006793D5 /* TaskViewModel.swift */; };
		FAC21CC02A8D4510006793D5 /* IntroductionView.swift in Sources */ = {isa = PBXBuildFile; fileRef = FAC21CBF2A8D4510006793D5 /* IntroductionView.swift */; };
		FAC21CC22A8D46EF006793D5 /* OnboardingView.swift in Sources */ = {isa = PBXBuildFile; fileRef = FAC21CC12A8D46EF006793D5 /* OnboardingView.swift */; };
		FAC21CC42A8D5058006793D5 /* HomeView.swift in Sources */ = {isa = PBXBuildFile; fileRef = FAC21CC32A8D5058006793D5 /* HomeView.swift */; };
		FAC21CC62A8D63E1006793D5 /* AddView.swift in Sources */ = {isa = PBXBuildFile; fileRef = FAC21CC52A8D63E1006793D5 /* AddView.swift */; };
		FAC21CC82A8D730B006793D5 /* SheetView.swift in Sources */ = {isa = PBXBuildFile; fileRef = FAC21CC72A8D730B006793D5 /* SheetView.swift */; };
		FAC21CCA2A8D7764006793D5 /* ListView.swift in Sources */ = {isa = PBXBuildFile; fileRef = FAC21CC92A8D7764006793D5 /* ListView.swift */; };
/* End PBXBuildFile section */

/* Begin PBXFileReference section */
		FA894C022A8D843200BC54BC /* LaunchScreen.storyboard */ = {isa = PBXFileReference; fileEncoding = 4; lastKnownFileType = file.storyboard; path = LaunchScreen.storyboard; sourceTree = "<group>"; };
		FAC21C9F2A8D3FA5006793D5 /* TaskFlow.app */ = {isa = PBXFileReference; explicitFileType = wrapper.application; includeInIndex = 0; path = TaskFlow.app; sourceTree = BUILT_PRODUCTS_DIR; };
		FAC21CA22A8D3FA5006793D5 /* TaskFlowApp.swift */ = {isa = PBXFileReference; lastKnownFileType = sourcecode.swift; path = TaskFlowApp.swift; sourceTree = "<group>"; };
		FAC21CA62A8D3FA6006793D5 /* Assets.xcassets */ = {isa = PBXFileReference; lastKnownFileType = folder.assetcatalog; path = Assets.xcassets; sourceTree = "<group>"; };
		FAC21CA92A8D3FA6006793D5 /* Preview Assets.xcassets */ = {isa = PBXFileReference; lastKnownFileType = folder.assetcatalog; path = "Preview Assets.xcassets"; sourceTree = "<group>"; };
		FAC21CB52A8D4062006793D5 /* ListModel.swift */ = {isa = PBXFileReference; lastKnownFileType = sourcecode.swift; path = ListModel.swift; sourceTree = "<group>"; };
		FAC21CB72A8D40B6006793D5 /* TaskModel.swift */ = {isa = PBXFileReference; lastKnownFileType = sourcecode.swift; path = TaskModel.swift; sourceTree = "<group>"; };
		FAC21CB92A8D416E006793D5 /* ListViewModel.swift */ = {isa = PBXFileReference; lastKnownFileType = sourcecode.swift; path = ListViewModel.swift; sourceTree = "<group>"; };
		FAC21CBD2A8D442B006793D5 /* TaskViewModel.swift */ = {isa = PBXFileReference; lastKnownFileType = sourcecode.swift; path = TaskViewModel.swift; sourceTree = "<group>"; };
		FAC21CBF2A8D4510006793D5 /* IntroductionView.swift */ = {isa = PBXFileReference; lastKnownFileType = sourcecode.swift; path = IntroductionView.swift; sourceTree = "<group>"; };
		FAC21CC12A8D46EF006793D5 /* OnboardingView.swift */ = {isa = PBXFileReference; lastKnownFileType = sourcecode.swift; path = OnboardingView.swift; sourceTree = "<group>"; };
		FAC21CC32A8D5058006793D5 /* HomeView.swift */ = {isa = PBXFileReference; lastKnownFileType = sourcecode.swift; path = HomeView.swift; sourceTree = "<group>"; };
		FAC21CC52A8D63E1006793D5 /* AddView.swift */ = {isa = PBXFileReference; lastKnownFileType = sourcecode.swift; path = AddView.swift; sourceTree = "<group>"; };
		FAC21CC72A8D730B006793D5 /* SheetView.swift */ = {isa = PBXFileReference; lastKnownFileType = sourcecode.swift; path = SheetView.swift; sourceTree = "<group>"; };
		FAC21CC92A8D7764006793D5 /* ListView.swift */ = {isa = PBXFileReference; lastKnownFileType = sourcecode.swift; path = ListView.swift; sourceTree = "<group>"; };
/* End PBXFileReference section */

/* Begin PBXFrameworksBuildPhase section */
		FAC21C9C2A8D3FA5006793D5 /* Frameworks */ = {
			isa = PBXFrameworksBuildPhase;
			buildActionMask = 2147483647;
			files = (
			);
			runOnlyForDeploymentPostprocessing = 0;
		};
/* End PBXFrameworksBuildPhase section */

/* Begin PBXGroup section */
		FAC21C962A8D3FA5006793D5 = {
			isa = PBXGroup;
			children = (
				FAC21CA12A8D3FA5006793D5 /* TaskFlow */,
				FAC21CA02A8D3FA5006793D5 /* Products */,
			);
			sourceTree = "<group>";
		};
		FAC21CA02A8D3FA5006793D5 /* Products */ = {
			isa = PBXGroup;
			children = (
				FAC21C9F2A8D3FA5006793D5 /* TaskFlow.app */,
			);
			name = Products;
			sourceTree = "<group>";
		};
		FAC21CA12A8D3FA5006793D5 /* TaskFlow */ = {
			isa = PBXGroup;
			children = (
				FAC21CB22A8D3FCF006793D5 /* Views */,
				FAC21CB12A8D3FC5006793D5 /* ViewModels */,
				FAC21CB02A8D3FBB006793D5 /* Models */,
				FAC21CA22A8D3FA5006793D5 /* TaskFlowApp.swift */,
				FAC21CA62A8D3FA6006793D5 /* Assets.xcassets */,
				FAC21CA82A8D3FA6006793D5 /* Preview Content */,
			);
			path = TaskFlow;
			sourceTree = "<group>";
		};
		FAC21CA82A8D3FA6006793D5 /* Preview Content */ = {
			isa = PBXGroup;
			children = (
				FAC21CA92A8D3FA6006793D5 /* Preview Assets.xcassets */,
			);
			path = "Preview Content";
			sourceTree = "<group>";
		};
		FAC21CB02A8D3FBB006793D5 /* Models */ = {
			isa = PBXGroup;
			children = (
				FAC21CB52A8D4062006793D5 /* ListModel.swift */,
				FAC21CB72A8D40B6006793D5 /* TaskModel.swift */,
			);
			path = Models;
			sourceTree = "<group>";
		};
		FAC21CB12A8D3FC5006793D5 /* ViewModels */ = {
			isa = PBXGroup;
			children = (
				FAC21CB92A8D416E006793D5 /* ListViewModel.swift */,
				FAC21CBD2A8D442B006793D5 /* TaskViewModel.swift */,
			);
			path = ViewModels;
			sourceTree = "<group>";
		};
		FAC21CB22A8D3FCF006793D5 /* Views */ = {
			isa = PBXGroup;
			children = (
				FAC21CBF2A8D4510006793D5 /* IntroductionView.swift */,
				FAC21CC12A8D46EF006793D5 /* OnboardingView.swift */,
				FAC21CC32A8D5058006793D5 /* HomeView.swift */,
				FAC21CC52A8D63E1006793D5 /* AddView.swift */,
				FAC21CC72A8D730B006793D5 /* SheetView.swift */,
				FAC21CC92A8D7764006793D5 /* ListView.swift */,
				FA894C022A8D843200BC54BC /* LaunchScreen.storyboard */,
			);
			path = Views;
			sourceTree = "<group>";
		};
/* End PBXGroup section */

/* Begin PBXNativeTarget section */
		FAC21C9E2A8D3FA5006793D5 /* TaskFlow */ = {
			isa = PBXNativeTarget;
			buildConfigurationList = FAC21CAD2A8D3FA6006793D5 /* Build configuration list for PBXNativeTarget "TaskFlow" */;
			buildPhases = (
				FAC21C9B2A8D3FA5006793D5 /* Sources */,
				FAC21C9C2A8D3FA5006793D5 /* Frameworks */,
				FAC21C9D2A8D3FA5006793D5 /* Resources */,
			);
			buildRules = (
			);
			dependencies = (
			);
			name = TaskFlow;
			productName = TaskFlow;
			productReference = FAC21C9F2A8D3FA5006793D5 /* TaskFlow.app */;
			productType = "com.apple.product-type.application";
		};
/* End PBXNativeTarget section */

/* Begin PBXProject section */
		FAC21C972A8D3FA5006793D5 /* Project object */ = {
			isa = PBXProject;
			attributes = {
				BuildIndependentTargetsInParallel = 1;
				LastSwiftUpdateCheck = 1430;
				LastUpgradeCheck = 1430;
				TargetAttributes = {
					FAC21C9E2A8D3FA5006793D5 = {
						CreatedOnToolsVersion = 14.3.1;
					};
				};
			};
			buildConfigurationList = FAC21C9A2A8D3FA5006793D5 /* Build configuration list for PBXProject "TaskFlow" */;
			compatibilityVersion = "Xcode 14.0";
			developmentRegion = en;
			hasScannedForEncodings = 0;
			knownRegions = (
				en,
				Base,
			);
			mainGroup = FAC21C962A8D3FA5006793D5;
			productRefGroup = FAC21CA02A8D3FA5006793D5 /* Products */;
			projectDirPath = "";
			projectRoot = "";
			targets = (
				FAC21C9E2A8D3FA5006793D5 /* TaskFlow */,
			);
		};
/* End PBXProject section */

/* Begin PBXResourcesBuildPhase section */
		FAC21C9D2A8D3FA5006793D5 /* Resources */ = {
			isa = PBXResourcesBuildPhase;
			buildActionMask = 2147483647;
			files = (
				FA894C032A8D843200BC54BC /* LaunchScreen.storyboard in Resources */,
				FAC21CAA2A8D3FA6006793D5 /* Preview Assets.xcassets in Resources */,
				FAC21CA72A8D3FA6006793D5 /* Assets.xcassets in Resources */,
			);
			runOnlyForDeploymentPostprocessing = 0;
		};
/* End PBXResourcesBuildPhase section */

/* Begin PBXSourcesBuildPhase section */
		FAC21C9B2A8D3FA5006793D5 /* Sources */ = {
			isa = PBXSourcesBuildPhase;
			buildActionMask = 2147483647;
			files = (
				FAC21CC42A8D5058006793D5 /* HomeView.swift in Sources */,
				FAC21CBA2A8D416E006793D5 /* ListViewModel.swift in Sources */,
				FAC21CC62A8D63E1006793D5 /* AddView.swift in Sources */,
				FAC21CBE2A8D442B006793D5 /* TaskViewModel.swift in Sources */,
				FAC21CC02A8D4510006793D5 /* IntroductionView.swift in Sources */,
				FAC21CC82A8D730B006793D5 /* SheetView.swift in Sources */,
				FAC21CB62A8D4062006793D5 /* ListModel.swift in Sources */,
				FAC21CCA2A8D7764006793D5 /* ListView.swift in Sources */,
				FAC21CC22A8D46EF006793D5 /* OnboardingView.swift in Sources */,
				FAC21CB82A8D40B6006793D5 /* TaskModel.swift in Sources */,
				FAC21CA32A8D3FA5006793D5 /* TaskFlowApp.swift in Sources */,
			);
			runOnlyForDeploymentPostprocessing = 0;
		};
/* End PBXSourcesBuildPhase section */

/* Begin XCBuildConfiguration section */
		FAC21CAB2A8D3FA6006793D5 /* Debug */ = {
			isa = XCBuildConfiguration;
			buildSettings = {
				ALWAYS_SEARCH_USER_PATHS = NO;
				CLANG_ANALYZER_NONNULL = YES;
				CLANG_ANALYZER_NUMBER_OBJECT_CONVERSION = YES_AGGRESSIVE;
				CLANG_CXX_LANGUAGE_STANDARD = "gnu++20";
				CLANG_ENABLE_MODULES = YES;
				CLANG_ENABLE_OBJC_ARC = YES;
				CLANG_ENABLE_OBJC_WEAK = YES;
				CLANG_WARN_BLOCK_CAPTURE_AUTORELEASING = YES;
				CLANG_WARN_BOOL_CONVERSION = YES;
				CLANG_WARN_COMMA = YES;
				CLANG_WARN_CONSTANT_CONVERSION = YES;
				CLANG_WARN_DEPRECATED_OBJC_IMPLEMENTATIONS = YES;
				CLANG_WARN_DIRECT_OBJC_ISA_USAGE = YES_ERROR;
				CLANG_WARN_DOCUMENTATION_COMMENTS = YES;
				CLANG_WARN_EMPTY_BODY = YES;
				CLANG_WARN_ENUM_CONVERSION = YES;
				CLANG_WARN_INFINITE_RECURSION = YES;
				CLANG_WARN_INT_CONVERSION = YES;
				CLANG_WARN_NON_LITERAL_NULL_CONVERSION = YES;
				CLANG_WARN_OBJC_IMPLICIT_RETAIN_SELF = YES;
				CLANG_WARN_OBJC_LITERAL_CONVERSION = YES;
				CLANG_WARN_OBJC_ROOT_CLASS = YES_ERROR;
				CLANG_WARN_QUOTED_INCLUDE_IN_FRAMEWORK_HEADER = YES;
				CLANG_WARN_RANGE_LOOP_ANALYSIS = YES;
				CLANG_WARN_STRICT_PROTOTYPES = YES;
				CLANG_WARN_SUSPICIOUS_MOVE = YES;
				CLANG_WARN_UNGUARDED_AVAILABILITY = YES_AGGRESSIVE;
				CLANG_WARN_UNREACHABLE_CODE = YES;
				CLANG_WARN__DUPLICATE_METHOD_MATCH = YES;
				COPY_PHASE_STRIP = NO;
				DEBUG_INFORMATION_FORMAT = dwarf;
				ENABLE_STRICT_OBJC_MSGSEND = YES;
				ENABLE_TESTABILITY = YES;
				GCC_C_LANGUAGE_STANDARD = gnu11;
				GCC_DYNAMIC_NO_PIC = NO;
				GCC_NO_COMMON_BLOCKS = YES;
				GCC_OPTIMIZATION_LEVEL = 0;
				GCC_PREPROCESSOR_DEFINITIONS = (
					"DEBUG=1",
					"$(inherited)",
				);
				GCC_WARN_64_TO_32_BIT_CONVERSION = YES;
				GCC_WARN_ABOUT_RETURN_TYPE = YES_ERROR;
				GCC_WARN_UNDECLARED_SELECTOR = YES;
				GCC_WARN_UNINITIALIZED_AUTOS = YES_AGGRESSIVE;
				GCC_WARN_UNUSED_FUNCTION = YES;
				GCC_WARN_UNUSED_VARIABLE = YES;
				IPHONEOS_DEPLOYMENT_TARGET = 16.4;
				MTL_ENABLE_DEBUG_INFO = INCLUDE_SOURCE;
				MTL_FAST_MATH = YES;
				ONLY_ACTIVE_ARCH = YES;
				SDKROOT = iphoneos;
				SWIFT_ACTIVE_COMPILATION_CONDITIONS = DEBUG;
				SWIFT_OPTIMIZATION_LEVEL = "-Onone";
			};
			name = Debug;
		};
		FAC21CAC2A8D3FA6006793D5 /* Release */ = {
			isa = XCBuildConfiguration;
			buildSettings = {
				ALWAYS_SEARCH_USER_PATHS = NO;
				CLANG_ANALYZER_NONNULL = YES;
				CLANG_ANALYZER_NUMBER_OBJECT_CONVERSION = YES_AGGRESSIVE;
				CLANG_CXX_LANGUAGE_STANDARD = "gnu++20";
				CLANG_ENABLE_MODULES = YES;
				CLANG_ENABLE_OBJC_ARC = YES;
				CLANG_ENABLE_OBJC_WEAK = YES;
				CLANG_WARN_BLOCK_CAPTURE_AUTORELEASING = YES;
				CLANG_WARN_BOOL_CONVERSION = YES;
				CLANG_WARN_COMMA = YES;
				CLANG_WARN_CONSTANT_CONVERSION = YES;
				CLANG_WARN_DEPRECATED_OBJC_IMPLEMENTATIONS = YES;
				CLANG_WARN_DIRECT_OBJC_ISA_USAGE = YES_ERROR;
				CLANG_WARN_DOCUMENTATION_COMMENTS = YES;
				CLANG_WARN_EMPTY_BODY = YES;
				CLANG_WARN_ENUM_CONVERSION = YES;
				CLANG_WARN_INFINITE_RECURSION = YES;
				CLANG_WARN_INT_CONVERSION = YES;
				CLANG_WARN_NON_LITERAL_NULL_CONVERSION = YES;
				CLANG_WARN_OBJC_IMPLICIT_RETAIN_SELF = YES;
				CLANG_WARN_OBJC_LITERAL_CONVERSION = YES;
				CLANG_WARN_OBJC_ROOT_CLASS = YES_ERROR;
				CLANG_WARN_QUOTED_INCLUDE_IN_FRAMEWORK_HEADER = YES;
				CLANG_WARN_RANGE_LOOP_ANALYSIS = YES;
				CLANG_WARN_STRICT_PROTOTYPES = YES;
				CLANG_WARN_SUSPICIOUS_MOVE = YES;
				CLANG_WARN_UNGUARDED_AVAILABILITY = YES_AGGRESSIVE;
				CLANG_WARN_UNREACHABLE_CODE = YES;
				CLANG_WARN__DUPLICATE_METHOD_MATCH = YES;
				COPY_PHASE_STRIP = NO;
				DEBUG_INFORMATION_FORMAT = "dwarf-with-dsym";
				ENABLE_NS_ASSERTIONS = NO;
				ENABLE_STRICT_OBJC_MSGSEND = YES;
				GCC_C_LANGUAGE_STANDARD = gnu11;
				GCC_NO_COMMON_BLOCKS = YES;
				GCC_WARN_64_TO_32_BIT_CONVERSION = YES;
				GCC_WARN_ABOUT_RETURN_TYPE = YES_ERROR;
				GCC_WARN_UNDECLARED_SELECTOR = YES;
				GCC_WARN_UNINITIALIZED_AUTOS = YES_AGGRESSIVE;
				GCC_WARN_UNUSED_FUNCTION = YES;
				GCC_WARN_UNUSED_VARIABLE = YES;
				IPHONEOS_DEPLOYMENT_TARGET = 16.4;
				MTL_ENABLE_DEBUG_INFO = NO;
				MTL_FAST_MATH = YES;
				SDKROOT = iphoneos;
				SWIFT_COMPILATION_MODE = wholemodule;
				SWIFT_OPTIMIZATION_LEVEL = "-O";
				VALIDATE_PRODUCT = YES;
			};
			name = Release;
		};
		FAC21CAE2A8D3FA6006793D5 /* Debug */ = {
			isa = XCBuildConfiguration;
			buildSettings = {
				ASSETCATALOG_COMPILER_APPICON_NAME = AppIcon;
				ASSETCATALOG_COMPILER_GLOBAL_ACCENT_COLOR_NAME = AccentColor;
				CODE_SIGN_STYLE = Automatic;
				CURRENT_PROJECT_VERSION = 1;
				DEVELOPMENT_ASSET_PATHS = "\"TaskFlow/Preview Content\"";
				DEVELOPMENT_TEAM = 34T56288M8;
				ENABLE_PREVIEWS = YES;
				GENERATE_INFOPLIST_FILE = YES;
				INFOPLIST_KEY_UIApplicationSceneManifest_Generation = YES;
				INFOPLIST_KEY_UIApplicationSupportsIndirectInputEvents = YES;
				INFOPLIST_KEY_UILaunchStoryboardName = LaunchScreen.storyboard;
				INFOPLIST_KEY_UISupportedInterfaceOrientations_iPad = "UIInterfaceOrientationPortrait UIInterfaceOrientationPortraitUpsideDown UIInterfaceOrientationLandscapeLeft UIInterfaceOrientationLandscapeRight";
				INFOPLIST_KEY_UISupportedInterfaceOrientations_iPhone = "UIInterfaceOrientationPortrait UIInterfaceOrientationLandscapeLeft UIInterfaceOrientationLandscapeRight";
				LD_RUNPATH_SEARCH_PATHS = (
					"$(inherited)",
					"@executable_path/Frameworks",
				);
				MARKETING_VERSION = 1.0;
				PRODUCT_BUNDLE_IDENTIFIER = com.nikkobaez.TaskFlow;
				PRODUCT_NAME = "$(TARGET_NAME)";
				SWIFT_EMIT_LOC_STRINGS = YES;
				SWIFT_VERSION = 5.0;
				TARGETED_DEVICE_FAMILY = "1,2";
			};
			name = Debug;
		};
		FAC21CAF2A8D3FA6006793D5 /* Release */ = {
			isa = XCBuildConfiguration;
			buildSettings = {
				ASSETCATALOG_COMPILER_APPICON_NAME = AppIcon;
				ASSETCATALOG_COMPILER_GLOBAL_ACCENT_COLOR_NAME = AccentColor;
				CODE_SIGN_STYLE = Automatic;
				CURRENT_PROJECT_VERSION = 1;
				DEVELOPMENT_ASSET_PATHS = "\"TaskFlow/Preview Content\"";
				DEVELOPMENT_TEAM = 34T56288M8;
				ENABLE_PREVIEWS = YES;
				GENERATE_INFOPLIST_FILE = YES;
				INFOPLIST_KEY_UIApplicationSceneManifest_Generation = YES;
				INFOPLIST_KEY_UIApplicationSupportsIndirectInputEvents = YES;
				INFOPLIST_KEY_UILaunchStoryboardName = LaunchScreen.storyboard;
				INFOPLIST_KEY_UISupportedInterfaceOrientations_iPad = "UIInterfaceOrientationPortrait UIInterfaceOrientationPortraitUpsideDown UIInterfaceOrientationLandscapeLeft UIInterfaceOrientationLandscapeRight";
				INFOPLIST_KEY_UISupportedInterfaceOrientations_iPhone = "UIInterfaceOrientationPortrait UIInterfaceOrientationLandscapeLeft UIInterfaceOrientationLandscapeRight";
				LD_RUNPATH_SEARCH_PATHS = (
					"$(inherited)",
					"@executable_path/Frameworks",
				);
				MARKETING_VERSION = 1.0;
				PRODUCT_BUNDLE_IDENTIFIER = com.nikkobaez.TaskFlow;
				PRODUCT_NAME = "$(TARGET_NAME)";
				SWIFT_EMIT_LOC_STRINGS = YES;
				SWIFT_VERSION = 5.0;
				TARGETED_DEVICE_FAMILY = "1,2";
			};
			name = Release;
		};
/* End XCBuildConfiguration section */

/* Begin XCConfigurationList section */
		FAC21C9A2A8D3FA5006793D5 /* Build configuration list for PBXProject "TaskFlow" */ = {
			isa = XCConfigurationList;
			buildConfigurations = (
				FAC21CAB2A8D3FA6006793D5 /* Debug */,
				FAC21CAC2A8D3FA6006793D5 /* Release */,
			);
			defaultConfigurationIsVisible = 0;
			defaultConfigurationName = Release;
		};
		FAC21CAD2A8D3FA6006793D5 /* Build configuration list for PBXNativeTarget "TaskFlow" */ = {
			isa = XCConfigurationList;
			buildConfigurations = (
				FAC21CAE2A8D3FA6006793D5 /* Debug */,
				FAC21CAF2A8D3FA6006793D5 /* Release */,
			);
			defaultConfigurationIsVisible = 0;
			defaultConfigurationName = Release;
		};
/* End XCConfigurationList section */
	};
	rootObject = FAC21C972A8D3FA5006793D5 /* Project object */;
}
